// !$*UTF8*$!
{
	archiveVersion = 1;
	classes = {
	};
	objectVersion = 46;
	objects = {

/* Begin PBXBuildFile section */
		BFE9409A361D13246E069061 /* OpenGL.framework in Frameworks */ = {isa = PBXBuildFile; fileRef = BFE9496494A0BD5F691EE5B0 /* OpenGL.framework */; };
		BFE941644CD5FC56CFF5DE9D /* Cocoa.framework in Frameworks */ = {isa = PBXBuildFile; fileRef = BFE941B7BC82787D67863368 /* Cocoa.framework */; };
		BFE9417DA5A679CAC6F8788C /* CoreVideo.framework in Frameworks */ = {isa = PBXBuildFile; fileRef = BFE9407E08F3556FC83302D0 /* CoreVideo.framework */; };
		BFE945FEA59D24FB12033639 /* main.cpp in Sources */ = {isa = PBXBuildFile; fileRef = BFE945ACD119A35BA03A42C7 /* main.cpp */; };
		BFE94702B228976D642B2FB8 /* IOKit.framework in Frameworks */ = {isa = PBXBuildFile; fileRef = BFE94D79E420F664A0E09230 /* IOKit.framework */; };
		BFE94B74767218CCCB631D27 /* libGLEW.1.10.0.dylib in Frameworks */ = {isa = PBXBuildFile; fileRef = BFE94BC3119B88B2EDDCB3DF /* libGLEW.1.10.0.dylib */; };
		BFE94EA56F5D583BF1287774 /* libglfw.3.1.dylib in Frameworks */ = {isa = PBXBuildFile; fileRef = BFE94422930998FFA96F2C98 /* libglfw.3.1.dylib */; };
/* End PBXBuildFile section */

/* Begin PBXCopyFilesBuildPhase section */
		BFE9494E4C092D20B98A254A /* CopyFiles */ = {
			isa = PBXCopyFilesBuildPhase;
			buildActionMask = 2147483647;
			dstPath = /usr/share/man/man1/;
			dstSubfolderSpec = 0;
			files = (
			);
			runOnlyForDeploymentPostprocessing = 1;
		};
/* End PBXCopyFilesBuildPhase section */

/* Begin PBXFileReference section */
		BFE9407E08F3556FC83302D0 /* CoreVideo.framework */ = {isa = PBXFileReference; lastKnownFileType = wrapper.framework; name = CoreVideo.framework; path = System/Library/Frameworks/CoreVideo.framework; sourceTree = SDKROOT; };
		BFE941B7BC82787D67863368 /* Cocoa.framework */ = {isa = PBXFileReference; lastKnownFileType = wrapper.framework; name = Cocoa.framework; path = System/Library/Frameworks/Cocoa.framework; sourceTree = SDKROOT; };
		BFE94422930998FFA96F2C98 /* libglfw.3.1.dylib */ = {isa = PBXFileReference; lastKnownFileType = "compiled.mach-o.dylib"; name = libglfw.3.1.dylib; path = ../../../../../opt/local/lib/libglfw.3.1.dylib; sourceTree = "<group>"; };
		BFE945ACD119A35BA03A42C7 /* main.cpp */ = {isa = PBXFileReference; lastKnownFileType = sourcecode.cpp.cpp; path = main.cpp; sourceTree = "<group>"; };
		BFE9496494A0BD5F691EE5B0 /* OpenGL.framework */ = {isa = PBXFileReference; lastKnownFileType = wrapper.framework; name = OpenGL.framework; path = System/Library/Frameworks/OpenGL.framework; sourceTree = SDKROOT; };
		BFE94BC3119B88B2EDDCB3DF /* libGLEW.1.10.0.dylib */ = {isa = PBXFileReference; lastKnownFileType = "compiled.mach-o.dylib"; name = libGLEW.1.10.0.dylib; path = ../../../../../opt/local/lib/libGLEW.1.10.0.dylib; sourceTree = "<group>"; };
		BFE94C125D5B72F79DB7D1AC /* gamething */ = {isa = PBXFileReference; explicitFileType = "compiled.mach-o.executable"; includeInIndex = 0; path = gamething; sourceTree = BUILT_PRODUCTS_DIR; };
		BFE94C2C0E76E8357DF592D1 /* gamething.1 */ = {isa = PBXFileReference; lastKnownFileType = text.man; path = gamething.1; sourceTree = "<group>"; };
		BFE94D79E420F664A0E09230 /* IOKit.framework */ = {isa = PBXFileReference; lastKnownFileType = wrapper.framework; name = IOKit.framework; path = System/Library/Frameworks/IOKit.framework; sourceTree = SDKROOT; };
/* End PBXFileReference section */

/* Begin PBXFrameworksBuildPhase section */
		BFE94466AB3951570F02F7D1 /* Frameworks */ = {
			isa = PBXFrameworksBuildPhase;
			buildActionMask = 2147483647;
			files = (
				BFE941644CD5FC56CFF5DE9D /* Cocoa.framework in Frameworks */,
				BFE9417DA5A679CAC6F8788C /* CoreVideo.framework in Frameworks */,
				BFE94702B228976D642B2FB8 /* IOKit.framework in Frameworks */,
				BFE9409A361D13246E069061 /* OpenGL.framework in Frameworks */,
				BFE94B74767218CCCB631D27 /* libGLEW.1.10.0.dylib in Frameworks */,
				BFE94EA56F5D583BF1287774 /* libglfw.3.1.dylib in Frameworks */,
			);
			runOnlyForDeploymentPostprocessing = 0;
		};
/* End PBXFrameworksBuildPhase section */

/* Begin PBXGroup section */
		BFE943DE115F6D24072CA682 /* gamething */ = {
			isa = PBXGroup;
			children = (
				BFE945ACD119A35BA03A42C7 /* main.cpp */,
				BFE94C2C0E76E8357DF592D1 /* gamething.1 */,
			);
			path = gamething;
			sourceTree = "<group>";
		};
		BFE94A87B3991B4C3E0ADBC6 /* Products */ = {
			isa = PBXGroup;
			children = (
				BFE94C125D5B72F79DB7D1AC /* gamething */,
			);
			name = Products;
			sourceTree = "<group>";
		};
		BFE94A87F4AD4BEB02F85710 = {
			isa = PBXGroup;
			children = (
				BFE94A87B3991B4C3E0ADBC6 /* Products */,
				BFE943DE115F6D24072CA682 /* gamething */,
				BFE94D0F83F7E9AD30B7FB8F /* Frameworks */,
			);
			sourceTree = "<group>";
		};
		BFE94D0F83F7E9AD30B7FB8F /* Frameworks */ = {
			isa = PBXGroup;
			children = (
				BFE941B7BC82787D67863368 /* Cocoa.framework */,
				BFE9407E08F3556FC83302D0 /* CoreVideo.framework */,
				BFE94D79E420F664A0E09230 /* IOKit.framework */,
				BFE9496494A0BD5F691EE5B0 /* OpenGL.framework */,
				BFE94BC3119B88B2EDDCB3DF /* libGLEW.1.10.0.dylib */,
				BFE94422930998FFA96F2C98 /* libglfw.3.1.dylib */,
			);
			name = Frameworks;
			sourceTree = "<group>";
		};
/* End PBXGroup section */

/* Begin PBXNativeTarget section */
		BFE94F97E3BED000CE4AEDBC /* gamething */ = {
			isa = PBXNativeTarget;
			buildConfigurationList = BFE948496127C6D60745C20A /* Build configuration list for PBXNativeTarget "gamething" */;
			buildPhases = (
				BFE9406F8F0BC7E119BCA215 /* Sources */,
				BFE94466AB3951570F02F7D1 /* Frameworks */,
				BFE9494E4C092D20B98A254A /* CopyFiles */,
			);
			buildRules = (
			);
			dependencies = (
			);
			name = gamething;
			productName = gamething;
			productReference = BFE94C125D5B72F79DB7D1AC /* gamething */;
			productType = "com.apple.product-type.tool";
		};
/* End PBXNativeTarget section */

/* Begin PBXProject section */
		BFE94BDF1AD84A486FB0955B /* Project object */ = {
			isa = PBXProject;
			attributes = {
				ORGANIZATIONNAME = mh;
			};
			buildConfigurationList = BFE943C22BC7C012347C116C /* Build configuration list for PBXProject "gamething" */;
			compatibilityVersion = "Xcode 3.2";
			developmentRegion = English;
			hasScannedForEncodings = 0;
			knownRegions = (
				en,
			);
			mainGroup = BFE94A87F4AD4BEB02F85710;
			productRefGroup = BFE94A87B3991B4C3E0ADBC6 /* Products */;
			projectDirPath = "";
			projectRoot = "";
			targets = (
				BFE94F97E3BED000CE4AEDBC /* gamething */,
			);
		};
/* End PBXProject section */

/* Begin PBXSourcesBuildPhase section */
		BFE9406F8F0BC7E119BCA215 /* Sources */ = {
			isa = PBXSourcesBuildPhase;
			buildActionMask = 2147483647;
			files = (
				BFE945FEA59D24FB12033639 /* main.cpp in Sources */,
			);
			runOnlyForDeploymentPostprocessing = 0;
		};
/* End PBXSourcesBuildPhase section */

/* Begin XCBuildConfiguration section */
		BFE9422D29B019C4D43FEADF /* Debug */ = {
			isa = XCBuildConfiguration;
			buildSettings = {
				ALWAYS_SEARCH_USER_PATHS = NO;
				CLANG_CXX_LANGUAGE_STANDARD = "gnu++0x";
				CLANG_CXX_LIBRARY = "libc++";
				CLANG_ENABLE_MODULES = YES;
				CLANG_ENABLE_OBJC_ARC = YES;
				CLANG_WARN_BOOL_CONVERSION = YES;
				CLANG_WARN_CONSTANT_CONVERSION = YES;
				CLANG_WARN_DIRECT_OBJC_ISA_USAGE = YES_ERROR;
				CLANG_WARN_EMPTY_BODY = YES;
				CLANG_WARN_ENUM_CONVERSION = YES;
				CLANG_WARN_INT_CONVERSION = YES;
				CLANG_WARN_OBJC_ROOT_CLASS = YES_ERROR;
				CLANG_WARN__DUPLICATE_METHOD_MATCH = YES;
				COPY_PHASE_STRIP = NO;
				GCC_C_LANGUAGE_STANDARD = gnu99;
				GCC_DYNAMIC_NO_PIC = NO;
				GCC_ENABLE_OBJC_EXCEPTIONS = YES;
				GCC_OPTIMIZATION_LEVEL = 0;
				GCC_PREPROCESSOR_DEFINITIONS = (
					"DEBUG=1",
					"$(inherited)",
				);
				GCC_SYMBOLS_PRIVATE_EXTERN = NO;
				GCC_WARN_64_TO_32_BIT_CONVERSION = YES;
				GCC_WARN_ABOUT_RETURN_TYPE = YES_ERROR;
				GCC_WARN_UNDECLARED_SELECTOR = YES;
				GCC_WARN_UNINITIALIZED_AUTOS = YES_AGGRESSIVE;
				GCC_WARN_UNUSED_FUNCTION = YES;
				GCC_WARN_UNUSED_VARIABLE = YES;
				HEADER_SEARCH_PATHS = (
					"/opt/local/include/**",
				);
				LIBRARY_SEARCH_PATHS = (
					"/opt/local/lib/**",
				);
				MACOSX_DEPLOYMENT_TARGET = 10.9;
				ONLY_ACTIVE_ARCH = YES;
				SDKROOT = macosx;
			};
			name = Debug;
		};
		BFE942E0055592A222460A5B /* Debug */ = {
			isa = XCBuildConfiguration;
			buildSettings = {
				LIBRARY_SEARCH_PATHS = (
					"\"${PROJECT_DIR}/../../../../../opt/local/lib\"/**",
					"\"${PROJECT_DIR}/../../../../../opt/local/lib\"/**",
					"\"${PROJECT_DIR}/../../../../../opt/local/lib\"/**",
				);
				PRODUCT_NAME = "$(TARGET_NAME)";
			};
			name = Debug;
		};
		BFE94848B8943CA3EF3D062B /* Release */ = {
			isa = XCBuildConfiguration;
			buildSettings = {
				ALWAYS_SEARCH_USER_PATHS = NO;
				CLANG_CXX_LANGUAGE_STANDARD = "gnu++0x";
				CLANG_CXX_LIBRARY = "libc++";
				CLANG_ENABLE_MODULES = YES;
				CLANG_ENABLE_OBJC_ARC = YES;
				CLANG_WARN_BOOL_CONVERSION = YES;
				CLANG_WARN_CONSTANT_CONVERSION = YES;
				CLANG_WARN_DIRECT_OBJC_ISA_USAGE = YES_ERROR;
				CLANG_WARN_EMPTY_BODY = YES;
				CLANG_WARN_ENUM_CONVERSION = YES;
				CLANG_WARN_INT_CONVERSION = YES;
				CLANG_WARN_OBJC_ROOT_CLASS = YES_ERROR;
				CLANG_WARN__DUPLICATE_METHOD_MATCH = YES;
				COPY_PHASE_STRIP = YES;
				DEBUG_INFORMATION_FORMAT = "dwarf-with-dsym";
				ENABLE_NS_ASSERTIONS = NO;
				GCC_C_LANGUAGE_STANDARD = gnu99;
				GCC_ENABLE_OBJC_EXCEPTIONS = YES;
				GCC_WARN_64_TO_32_BIT_CONVERSION = YES;
				GCC_WARN_ABOUT_RETURN_TYPE = YES_ERROR;
				GCC_WARN_UNDECLARED_SELECTOR = YES;
				GCC_WARN_UNINITIALIZED_AUTOS = YES_AGGRESSIVE;
				GCC_WARN_UNUSED_FUNCTION = YES;
				GCC_WARN_UNUSED_VARIABLE = YES;
				HEADER_SEARCH_PATHS = (
					"/opt/local/include/**",
				);
				LIBRARY_SEARCH_PATHS = (
					"/opt/local/lib/**",
				);
				MACOSX_DEPLOYMENT_TARGET = 10.9;
				SDKROOT = macosx;
			};
			name = Release;
		};
		BFE94C3E92EBF9C3460B9FF2 /* Release */ = {
			isa = XCBuildConfiguration;
			buildSettings = {
				LIBRARY_SEARCH_PATHS = (
					"\"${PROJECT_DIR}/../../../../../opt/local/lib\"/**",
					"\"${PROJECT_DIR}/../../../../../opt/local/lib\"/**",
					"\"${PROJECT_DIR}/../../../../../opt/local/lib\"/**",
				);
				PRODUCT_NAME = "$(TARGET_NAME)";
			};
			name = Release;
		};
/* End XCBuildConfiguration section */

/* Begin XCConfigurationList section */
		BFE943C22BC7C012347C116C /* Build configuration list for PBXProject "gamething" */ = {
			isa = XCConfigurationList;
			buildConfigurations = (
				BFE94848B8943CA3EF3D062B /* Release */,
				BFE9422D29B019C4D43FEADF /* Debug */,
			);
			defaultConfigurationIsVisible = 0;
			defaultConfigurationName = Release;
		};
		BFE948496127C6D60745C20A /* Build configuration list for PBXNativeTarget "gamething" */ = {
			isa = XCConfigurationList;
			buildConfigurations = (
				BFE94C3E92EBF9C3460B9FF2 /* Release */,
				BFE942E0055592A222460A5B /* Debug */,
			);
			defaultConfigurationIsVisible = 0;
		};
/* End XCConfigurationList section */
	};
	rootObject = BFE94BDF1AD84A486FB0955B /* Project object */;
}
